
Microsoft Visual Studio Solution File, Format Version 12.00
# Visual Studio Version 16
VisualStudioVersion = 16.0.30717.126
MinimumVisualStudioVersion = 10.0.40219.1
Project("{8BC9CEB8-8B4A-11D0-8D11-00A0C91BC942}") = "PictureFactory", "PictureFactory\PictureFactory.vcxproj", "{CF46B914-DDAB-4433-B5FE-D75BC3625D94}"
EndProject
Global
	GlobalSection(SolutionConfigurationPlatforms) = preSolution
		Debug|x64 = Debug|x64
		Release|x64 = Release|x64
	EndGlobalSection
	GlobalSection(ProjectConfigurationPlatforms) = postSolution
		{CF46B914-DDAB-4433-B5FE-D75BC3625D94}.Debug|x64.ActiveCfg = Debug|x64
		{CF46B914-DDAB-4433-B5FE-D75BC3625D94}.Debug|x64.Build.0 = Debug|x64
		{CF46B914-DDAB-4433-B5FE-D75BC3625D94}.Release|x64.ActiveCfg = Release|x64
		{CF46B914-DDAB-4433-B5FE-D75BC3625D94}.Release|x64.Build.0 = Release|x64
	EndGlobalSection
	GlobalSection(SolutionProperties) = preSolution
		HideSolutionNode = FALSE
	EndGlobalSection
	GlobalSection(ExtensibilityGlobals) = postSolution
		SolutionGuid = {2EBCEC3E-8215-4802-B92B-1757DA61A9FC}
	EndGlobalSection
EndGlobal
